
Microsoft Visual Studio Solution File, Format Version 12.00
# Visual Studio Version 17
VisualStudioVersion = 17.0.32014.148
MinimumVisualStudioVersion = 10.0.40219.1
Project("{9A19103F-16F7-4668-BE54-9A1E7A4F7556}") = "Concesionario", "Concesionario\Concesionario.csproj", "{34429036-C2EF-43E5-BE5E-74EFAF65F56D}"
EndProject
Global
	GlobalSection(SolutionConfigurationPlatforms) = preSolution
		Debug|Any CPU = Debug|Any CPU
		Release|Any CPU = Release|Any CPU
	EndGlobalSection
	GlobalSection(ProjectConfigurationPlatforms) = postSolution
		{34429036-C2EF-43E5-BE5E-74EFAF65F56D}.Debug|Any CPU.ActiveCfg = Debug|Any CPU
		{34429036-C2EF-43E5-BE5E-74EFAF65F56D}.Debug|Any CPU.Build.0 = Debug|Any CPU
		{34429036-C2EF-43E5-BE5E-74EFAF65F56D}.Release|Any CPU.ActiveCfg = Release|Any CPU
		{34429036-C2EF-43E5-BE5E-74EFAF65F56D}.Release|Any CPU.Build.0 = Release|Any CPU
	EndGlobalSection
	GlobalSection(SolutionProperties) = preSolution
		HideSolutionNode = FALSE
	EndGlobalSection
	GlobalSection(ExtensibilityGlobals) = postSolution
		SolutionGuid = {37DF0FDE-22CE-4C6F-BE39-5D8919C4AC39}
	EndGlobalSection
EndGlobal
